// !$*UTF8*$!
{
	archiveVersion = 1;
	classes = {
	};
	objectVersion = 50;
	objects = {

/* Begin PBXBuildFile section */
		35D3341125E0780F00F6A277 /* AppDelegate.swift in Sources */ = {isa = PBXBuildFile; fileRef = 35D3341025E0780F00F6A277 /* AppDelegate.swift */; };
		35D3341325E0780F00F6A277 /* SceneDelegate.swift in Sources */ = {isa = PBXBuildFile; fileRef = 35D3341225E0780F00F6A277 /* SceneDelegate.swift */; };
		35D3341525E0780F00F6A277 /* ViewController.swift in Sources */ = {isa = PBXBuildFile; fileRef = 35D3341425E0780F00F6A277 /* ViewController.swift */; };
		35D3341825E0780F00F6A277 /* Main.storyboard in Resources */ = {isa = PBXBuildFile; fileRef = 35D3341625E0780F00F6A277 /* Main.storyboard */; };
		35D3341A25E0781200F6A277 /* Assets.xcassets in Resources */ = {isa = PBXBuildFile; fileRef = 35D3341925E0781200F6A277 /* Assets.xcassets */; };
		35D3341D25E0781200F6A277 /* LaunchScreen.storyboard in Resources */ = {isa = PBXBuildFile; fileRef = 35D3341B25E0781200F6A277 /* LaunchScreen.storyboard */; };
		35D3342825E0781200F6A277 /* BullsEyeTests.swift in Sources */ = {isa = PBXBuildFile; fileRef = 35D3342725E0781200F6A277 /* BullsEyeTests.swift */; };
		35D3343325E0781200F6A277 /* BullsEyeUITests.swift in Sources */ = {isa = PBXBuildFile; fileRef = 35D3343225E0781200F6A277 /* BullsEyeUITests.swift */; };
		35F4490A25E1F15A009DF4C1 /* AboutViewController.swift in Sources */ = {isa = PBXBuildFile; fileRef = 35F4490925E1F15A009DF4C1 /* AboutViewController.swift */; };
		35F4491725E1F527009DF4C1 /* BullsEye.html in Resources */ = {isa = PBXBuildFile; fileRef = 35F4491625E1F527009DF4C1 /* BullsEye.html */; };
/* End PBXBuildFile section */

/* Begin PBXContainerItemProxy section */
		35D3342425E0781200F6A277 /* PBXContainerItemProxy */ = {
			isa = PBXContainerItemProxy;
			containerPortal = 35D3340525E0780F00F6A277 /* Project object */;
			proxyType = 1;
			remoteGlobalIDString = 35D3340C25E0780F00F6A277;
			remoteInfo = BullsEye;
		};
		35D3342F25E0781200F6A277 /* PBXContainerItemProxy */ = {
			isa = PBXContainerItemProxy;
			containerPortal = 35D3340525E0780F00F6A277 /* Project object */;
			proxyType = 1;
			remoteGlobalIDString = 35D3340C25E0780F00F6A277;
			remoteInfo = BullsEye;
		};
/* End PBXContainerItemProxy section */

/* Begin PBXFileReference section */
		35D3340D25E0780F00F6A277 /* BullsEye.app */ = {isa = PBXFileReference; explicitFileType = wrapper.application; includeInIndex = 0; path = BullsEye.app; sourceTree = BUILT_PRODUCTS_DIR; };
		35D3341025E0780F00F6A277 /* AppDelegate.swift */ = {isa = PBXFileReference; lastKnownFileType = sourcecode.swift; path = AppDelegate.swift; sourceTree = "<group>"; };
		35D3341225E0780F00F6A277 /* SceneDelegate.swift */ = {isa = PBXFileReference; lastKnownFileType = sourcecode.swift; path = SceneDelegate.swift; sourceTree = "<group>"; };
		35D3341425E0780F00F6A277 /* ViewController.swift */ = {isa = PBXFileReference; lastKnownFileType = sourcecode.swift; path = ViewController.swift; sourceTree = "<group>"; };
		35D3341725E0780F00F6A277 /* Base */ = {isa = PBXFileReference; lastKnownFileType = file.storyboard; name = Base; path = Base.lproj/Main.storyboard; sourceTree = "<group>"; };
		35D3341925E0781200F6A277 /* Assets.xcassets */ = {isa = PBXFileReference; lastKnownFileType = folder.assetcatalog; path = Assets.xcassets; sourceTree = "<group>"; };
		35D3341C25E0781200F6A277 /* Base */ = {isa = PBXFileReference; lastKnownFileType = file.storyboard; name = Base; path = Base.lproj/LaunchScreen.storyboard; sourceTree = "<group>"; };
		35D3341E25E0781200F6A277 /* Info.plist */ = {isa = PBXFileReference; lastKnownFileType = text.plist.xml; path = Info.plist; sourceTree = "<group>"; };
		35D3342325E0781200F6A277 /* BullsEyeTests.xctest */ = {isa = PBXFileReference; explicitFileType = wrapper.cfbundle; includeInIndex = 0; path = BullsEyeTests.xctest; sourceTree = BUILT_PRODUCTS_DIR; };
		35D3342725E0781200F6A277 /* BullsEyeTests.swift */ = {isa = PBXFileReference; lastKnownFileType = sourcecode.swift; path = BullsEyeTests.swift; sourceTree = "<group>"; };
		35D3342925E0781200F6A277 /* Info.plist */ = {isa = PBXFileReference; lastKnownFileType = text.plist.xml; path = Info.plist; sourceTree = "<group>"; };
		35D3342E25E0781200F6A277 /* BullsEyeUITests.xctest */ = {isa = PBXFileReference; explicitFileType = wrapper.cfbundle; includeInIndex = 0; path = BullsEyeUITests.xctest; sourceTree = BUILT_PRODUCTS_DIR; };
		35D3343225E0781200F6A277 /* BullsEyeUITests.swift */ = {isa = PBXFileReference; lastKnownFileType = sourcecode.swift; path = BullsEyeUITests.swift; sourceTree = "<group>"; };
		35D3343425E0781200F6A277 /* Info.plist */ = {isa = PBXFileReference; lastKnownFileType = text.plist.xml; path = Info.plist; sourceTree = "<group>"; };
		35F4490925E1F15A009DF4C1 /* AboutViewController.swift */ = {isa = PBXFileReference; lastKnownFileType = sourcecode.swift; path = AboutViewController.swift; sourceTree = "<group>"; };
		35F4491625E1F527009DF4C1 /* BullsEye.html */ = {isa = PBXFileReference; fileEncoding = 4; lastKnownFileType = text.html; path = BullsEye.html; sourceTree = "<group>"; };
/* End PBXFileReference section */

/* Begin PBXFrameworksBuildPhase section */
		35D3340A25E0780F00F6A277 /* Frameworks */ = {
			isa = PBXFrameworksBuildPhase;
			buildActionMask = 2147483647;
			files = (
			);
			runOnlyForDeploymentPostprocessing = 0;
		};
		35D3342025E0781200F6A277 /* Frameworks */ = {
			isa = PBXFrameworksBuildPhase;
			buildActionMask = 2147483647;
			files = (
			);
			runOnlyForDeploymentPostprocessing = 0;
		};
		35D3342B25E0781200F6A277 /* Frameworks */ = {
			isa = PBXFrameworksBuildPhase;
			buildActionMask = 2147483647;
			files = (
			);
			runOnlyForDeploymentPostprocessing = 0;
		};
/* End PBXFrameworksBuildPhase section */

/* Begin PBXGroup section */
		35D3340425E0780F00F6A277 = {
			isa = PBXGroup;
			children = (
				35D3340F25E0780F00F6A277 /* BullsEye */,
				35D3342625E0781200F6A277 /* BullsEyeTests */,
				35D3343125E0781200F6A277 /* BullsEyeUITests */,
				35D3340E25E0780F00F6A277 /* Products */,
			);
			sourceTree = "<group>";
		};
		35D3340E25E0780F00F6A277 /* Products */ = {
			isa = PBXGroup;
			children = (
				35D3340D25E0780F00F6A277 /* BullsEye.app */,
				35D3342325E0781200F6A277 /* BullsEyeTests.xctest */,
				35D3342E25E0781200F6A277 /* BullsEyeUITests.xctest */,
			);
			name = Products;
			sourceTree = "<group>";
		};
		35D3340F25E0780F00F6A277 /* BullsEye */ = {
			isa = PBXGroup;
			children = (
				35F4491625E1F527009DF4C1 /* BullsEye.html */,
				35D3341025E0780F00F6A277 /* AppDelegate.swift */,
				35D3341225E0780F00F6A277 /* SceneDelegate.swift */,
				35D3341425E0780F00F6A277 /* ViewController.swift */,
				35D3341625E0780F00F6A277 /* Main.storyboard */,
				35F4490925E1F15A009DF4C1 /* AboutViewController.swift */,
				35D3341925E0781200F6A277 /* Assets.xcassets */,
				35D3341B25E0781200F6A277 /* LaunchScreen.storyboard */,
				35D3341E25E0781200F6A277 /* Info.plist */,
			);
			path = BullsEye;
			sourceTree = "<group>";
		};
		35D3342625E0781200F6A277 /* BullsEyeTests */ = {
			isa = PBXGroup;
			children = (
				35D3342725E0781200F6A277 /* BullsEyeTests.swift */,
				35D3342925E0781200F6A277 /* Info.plist */,
			);
			path = BullsEyeTests;
			sourceTree = "<group>";
		};
		35D3343125E0781200F6A277 /* BullsEyeUITests */ = {
			isa = PBXGroup;
			children = (
				35D3343225E0781200F6A277 /* BullsEyeUITests.swift */,
				35D3343425E0781200F6A277 /* Info.plist */,
			);
			path = BullsEyeUITests;
			sourceTree = "<group>";
		};
/* End PBXGroup section */

/* Begin PBXNativeTarget section */
		35D3340C25E0780F00F6A277 /* BullsEye */ = {
			isa = PBXNativeTarget;
			buildConfigurationList = 35D3343725E0781200F6A277 /* Build configuration list for PBXNativeTarget "BullsEye" */;
			buildPhases = (
				35D3340925E0780F00F6A277 /* Sources */,
				35D3340A25E0780F00F6A277 /* Frameworks */,
				35D3340B25E0780F00F6A277 /* Resources */,
			);
			buildRules = (
			);
			dependencies = (
			);
			name = BullsEye;
			productName = BullsEye;
			productReference = 35D3340D25E0780F00F6A277 /* BullsEye.app */;
			productType = "com.apple.product-type.application";
		};
		35D3342225E0781200F6A277 /* BullsEyeTests */ = {
			isa = PBXNativeTarget;
			buildConfigurationList = 35D3343A25E0781200F6A277 /* Build configuration list for PBXNativeTarget "BullsEyeTests" */;
			buildPhases = (
				35D3341F25E0781200F6A277 /* Sources */,
				35D3342025E0781200F6A277 /* Frameworks */,
				35D3342125E0781200F6A277 /* Resources */,
			);
			buildRules = (
			);
			dependencies = (
				35D3342525E0781200F6A277 /* PBXTargetDependency */,
			);
			name = BullsEyeTests;
			productName = BullsEyeTests;
			productReference = 35D3342325E0781200F6A277 /* BullsEyeTests.xctest */;
			productType = "com.apple.product-type.bundle.unit-test";
		};
		35D3342D25E0781200F6A277 /* BullsEyeUITests */ = {
			isa = PBXNativeTarget;
			buildConfigurationList = 35D3343D25E0781200F6A277 /* Build configuration list for PBXNativeTarget "BullsEyeUITests" */;
			buildPhases = (
				35D3342A25E0781200F6A277 /* Sources */,
				35D3342B25E0781200F6A277 /* Frameworks */,
				35D3342C25E0781200F6A277 /* Resources */,
			);
			buildRules = (
			);
			dependencies = (
				35D3343025E0781200F6A277 /* PBXTargetDependency */,
			);
			name = BullsEyeUITests;
			productName = BullsEyeUITests;
			productReference = 35D3342E25E0781200F6A277 /* BullsEyeUITests.xctest */;
			productType = "com.apple.product-type.bundle.ui-testing";
		};
/* End PBXNativeTarget section */

/* Begin PBXProject section */
		35D3340525E0780F00F6A277 /* Project object */ = {
			isa = PBXProject;
			attributes = {
				LastSwiftUpdateCheck = 1200;
				LastUpgradeCheck = 1200;
				TargetAttributes = {
					35D3340C25E0780F00F6A277 = {
						CreatedOnToolsVersion = 12.0;
					};
					35D3342225E0781200F6A277 = {
						CreatedOnToolsVersion = 12.0;
						TestTargetID = 35D3340C25E0780F00F6A277;
					};
					35D3342D25E0781200F6A277 = {
						CreatedOnToolsVersion = 12.0;
						TestTargetID = 35D3340C25E0780F00F6A277;
					};
				};
			};
			buildConfigurationList = 35D3340825E0780F00F6A277 /* Build configuration list for PBXProject "BullsEye" */;
			compatibilityVersion = "Xcode 9.3";
			developmentRegion = en;
			hasScannedForEncodings = 0;
			knownRegions = (
				en,
				Base,
			);
			mainGroup = 35D3340425E0780F00F6A277;
			productRefGroup = 35D3340E25E0780F00F6A277 /* Products */;
			projectDirPath = "";
			projectRoot = "";
			targets = (
				35D3340C25E0780F00F6A277 /* BullsEye */,
				35D3342225E0781200F6A277 /* BullsEyeTests */,
				35D3342D25E0781200F6A277 /* BullsEyeUITests */,
			);
		};
/* End PBXProject section */

/* Begin PBXResourcesBuildPhase section */
		35D3340B25E0780F00F6A277 /* Resources */ = {
			isa = PBXResourcesBuildPhase;
			buildActionMask = 2147483647;
			files = (
				35D3341D25E0781200F6A277 /* LaunchScreen.storyboard in Resources */,
				35F4491725E1F527009DF4C1 /* BullsEye.html in Resources */,
				35D3341A25E0781200F6A277 /* Assets.xcassets in Resources */,
				35D3341825E0780F00F6A277 /* Main.storyboard in Resources */,
			);
			runOnlyForDeploymentPostprocessing = 0;
		};
		35D3342125E0781200F6A277 /* Resources */ = {
			isa = PBXResourcesBuildPhase;
			buildActionMask = 2147483647;
			files = (
			);
			runOnlyForDeploymentPostprocessing = 0;
		};
		35D3342C25E0781200F6A277 /* Resources */ = {
			isa = PBXResourcesBuildPhase;
			buildActionMask = 2147483647;
			files = (
			);
			runOnlyForDeploymentPostprocessing = 0;
		};
/* End PBXResourcesBuildPhase section */

/* Begin PBXSourcesBuildPhase section */
		35D3340925E0780F00F6A277 /* Sources */ = {
			isa = PBXSourcesBuildPhase;
			buildActionMask = 2147483647;
			files = (
				35D3341525E0780F00F6A277 /* ViewController.swift in Sources */,
				35D3341125E0780F00F6A277 /* AppDelegate.swift in Sources */,
				35F4490A25E1F15A009DF4C1 /* AboutViewController.swift in Sources */,
				35D3341325E0780F00F6A277 /* SceneDelegate.swift in Sources */,
			);
			runOnlyForDeploymentPostprocessing = 0;
		};
		35D3341F25E0781200F6A277 /* Sources */ = {
			isa = PBXSourcesBuildPhase;
			buildActionMask = 2147483647;
			files = (
				35D3342825E0781200F6A277 /* BullsEyeTests.swift in Sources */,
			);
			runOnlyForDeploymentPostprocessing = 0;
		};
		35D3342A25E0781200F6A277 /* Sources */ = {
			isa = PBXSourcesBuildPhase;
			buildActionMask = 2147483647;
			files = (
				35D3343325E0781200F6A277 /* BullsEyeUITests.swift in Sources */,
			);
			runOnlyForDeploymentPostprocessing = 0;
		};
/* End PBXSourcesBuildPhase section */

/* Begin PBXTargetDependency section */
		35D3342525E0781200F6A277 /* PBXTargetDependency */ = {
			isa = PBXTargetDependency;
			target = 35D3340C25E0780F00F6A277 /* BullsEye */;
			targetProxy = 35D3342425E0781200F6A277 /* PBXContainerItemProxy */;
		};
		35D3343025E0781200F6A277 /* PBXTargetDependency */ = {
			isa = PBXTargetDependency;
			target = 35D3340C25E0780F00F6A277 /* BullsEye */;
			targetProxy = 35D3342F25E0781200F6A277 /* PBXContainerItemProxy */;
		};
/* End PBXTargetDependency section */

/* Begin PBXVariantGroup section */
		35D3341625E0780F00F6A277 /* Main.storyboard */ = {
			isa = PBXVariantGroup;
			children = (
				35D3341725E0780F00F6A277 /* Base */,
			);
			name = Main.storyboard;
			sourceTree = "<group>";
		};
		35D3341B25E0781200F6A277 /* LaunchScreen.storyboard */ = {
			isa = PBXVariantGroup;
			children = (
				35D3341C25E0781200F6A277 /* Base */,
			);
			name = LaunchScreen.storyboard;
			sourceTree = "<group>";
		};
/* End PBXVariantGroup section */

/* Begin XCBuildConfiguration section */
		35D3343525E0781200F6A277 /* Debug */ = {
			isa = XCBuildConfiguration;
			buildSettings = {
				ALWAYS_SEARCH_USER_PATHS = NO;
				CLANG_ANALYZER_NONNULL = YES;
				CLANG_ANALYZER_NUMBER_OBJECT_CONVERSION = YES_AGGRESSIVE;
				CLANG_CXX_LANGUAGE_STANDARD = "gnu++14";
				CLANG_CXX_LIBRARY = "libc++";
				CLANG_ENABLE_MODULES = YES;
				CLANG_ENABLE_OBJC_ARC = YES;
				CLANG_ENABLE_OBJC_WEAK = YES;
				CLANG_WARN_BLOCK_CAPTURE_AUTORELEASING = YES;
				CLANG_WARN_BOOL_CONVERSION = YES;
				CLANG_WARN_COMMA = YES;
				CLANG_WARN_CONSTANT_CONVERSION = YES;
				CLANG_WARN_DEPRECATED_OBJC_IMPLEMENTATIONS = YES;
				CLANG_WARN_DIRECT_OBJC_ISA_USAGE = YES_ERROR;
				CLANG_WARN_DOCUMENTATION_COMMENTS = YES;
				CLANG_WARN_EMPTY_BODY = YES;
				CLANG_WARN_ENUM_CONVERSION = YES;
				CLANG_WARN_INFINITE_RECURSION = YES;
				CLANG_WARN_INT_CONVERSION = YES;
				CLANG_WARN_NON_LITERAL_NULL_CONVERSION = YES;
				CLANG_WARN_OBJC_IMPLICIT_RETAIN_SELF = YES;
				CLANG_WARN_OBJC_LITERAL_CONVERSION = YES;
				CLANG_WARN_OBJC_ROOT_CLASS = YES_ERROR;
				CLANG_WARN_QUOTED_INCLUDE_IN_FRAMEWORK_HEADER = YES;
				CLANG_WARN_RANGE_LOOP_ANALYSIS = YES;
				CLANG_WARN_STRICT_PROTOTYPES = YES;
				CLANG_WARN_SUSPICIOUS_MOVE = YES;
				CLANG_WARN_UNGUARDED_AVAILABILITY = YES_AGGRESSIVE;
				CLANG_WARN_UNREACHABLE_CODE = YES;
				CLANG_WARN__DUPLICATE_METHOD_MATCH = YES;
				COPY_PHASE_STRIP = NO;
				DEBUG_INFORMATION_FORMAT = dwarf;
				ENABLE_STRICT_OBJC_MSGSEND = YES;
				ENABLE_TESTABILITY = YES;
				GCC_C_LANGUAGE_STANDARD = gnu11;
				GCC_DYNAMIC_NO_PIC = NO;
				GCC_NO_COMMON_BLOCKS = YES;
				GCC_OPTIMIZATION_LEVEL = 0;
				GCC_PREPROCESSOR_DEFINITIONS = (
					"DEBUG=1",
					"$(inherited)",
				);
				GCC_WARN_64_TO_32_BIT_CONVERSION = YES;
				GCC_WARN_ABOUT_RETURN_TYPE = YES_ERROR;
				GCC_WARN_UNDECLARED_SELECTOR = YES;
				GCC_WARN_UNINITIALIZED_AUTOS = YES_AGGRESSIVE;
				GCC_WARN_UNUSED_FUNCTION = YES;
				GCC_WARN_UNUSED_VARIABLE = YES;
				IPHONEOS_DEPLOYMENT_TARGET = 14.0;
				MTL_ENABLE_DEBUG_INFO = INCLUDE_SOURCE;
				MTL_FAST_MATH = YES;
				ONLY_ACTIVE_ARCH = YES;
				SDKROOT = iphoneos;
				SWIFT_ACTIVE_COMPILATION_CONDITIONS = DEBUG;
				SWIFT_OPTIMIZATION_LEVEL = "-Onone";
			};
			name = Debug;
		};
		35D3343625E0781200F6A277 /* Release */ = {
			isa = XCBuildConfiguration;
			buildSettings = {
				ALWAYS_SEARCH_USER_PATHS = NO;
				CLANG_ANALYZER_NONNULL = YES;
				CLANG_ANALYZER_NUMBER_OBJECT_CONVERSION = YES_AGGRESSIVE;
				CLANG_CXX_LANGUAGE_STANDARD = "gnu++14";
				CLANG_CXX_LIBRARY = "libc++";
				CLANG_ENABLE_MODULES = YES;
				CLANG_ENABLE_OBJC_ARC = YES;
				CLANG_ENABLE_OBJC_WEAK = YES;
				CLANG_WARN_BLOCK_CAPTURE_AUTORELEASING = YES;
				CLANG_WARN_BOOL_CONVERSION = YES;
				CLANG_WARN_COMMA = YES;
				CLANG_WARN_CONSTANT_CONVERSION = YES;
				CLANG_WARN_DEPRECATED_OBJC_IMPLEMENTATIONS = YES;
				CLANG_WARN_DIRECT_OBJC_ISA_USAGE = YES_ERROR;
				CLANG_WARN_DOCUMENTATION_COMMENTS = YES;
				CLANG_WARN_EMPTY_BODY = YES;
				CLANG_WARN_ENUM_CONVERSION = YES;
				CLANG_WARN_INFINITE_RECURSION = YES;
				CLANG_WARN_INT_CONVERSION = YES;
				CLANG_WARN_NON_LITERAL_NULL_CONVERSION = YES;
				CLANG_WARN_OBJC_IMPLICIT_RETAIN_SELF = YES;
				CLANG_WARN_OBJC_LITERAL_CONVERSION = YES;
				CLANG_WARN_OBJC_ROOT_CLASS = YES_ERROR;
				CLANG_WARN_QUOTED_INCLUDE_IN_FRAMEWORK_HEADER = YES;
				CLANG_WARN_RANGE_LOOP_ANALYSIS = YES;
				CLANG_WARN_STRICT_PROTOTYPES = YES;
				CLANG_WARN_SUSPICIOUS_MOVE = YES;
				CLANG_WARN_UNGUARDED_AVAILABILITY = YES_AGGRESSIVE;
				CLANG_WARN_UNREACHABLE_CODE = YES;
				CLANG_WARN__DUPLICATE_METHOD_MATCH = YES;
				COPY_PHASE_STRIP = NO;
				DEBUG_INFORMATION_FORMAT = "dwarf-with-dsym";
				ENABLE_NS_ASSERTIONS = NO;
				ENABLE_STRICT_OBJC_MSGSEND = YES;
				GCC_C_LANGUAGE_STANDARD = gnu11;
				GCC_NO_COMMON_BLOCKS = YES;
				GCC_WARN_64_TO_32_BIT_CONVERSION = YES;
				GCC_WARN_ABOUT_RETURN_TYPE = YES_ERROR;
				GCC_WARN_UNDECLARED_SELECTOR = YES;
				GCC_WARN_UNINITIALIZED_AUTOS = YES_AGGRESSIVE;
				GCC_WARN_UNUSED_FUNCTION = YES;
				GCC_WARN_UNUSED_VARIABLE = YES;
				IPHONEOS_DEPLOYMENT_TARGET = 14.0;
				MTL_ENABLE_DEBUG_INFO = NO;
				MTL_FAST_MATH = YES;
				SDKROOT = iphoneos;
				SWIFT_COMPILATION_MODE = wholemodule;
				SWIFT_OPTIMIZATION_LEVEL = "-O";
				VALIDATE_PRODUCT = YES;
			};
			name = Release;
		};
		35D3343825E0781200F6A277 /* Debug */ = {
			isa = XCBuildConfiguration;
			buildSettings = {
				ASSETCATALOG_COMPILER_APPICON_NAME = AppIcon;
				ASSETCATALOG_COMPILER_GLOBAL_ACCENT_COLOR_NAME = AccentColor;
				CODE_SIGN_STYLE = Automatic;
				INFOPLIST_FILE = BullsEye/Info.plist;
				LD_RUNPATH_SEARCH_PATHS = (
					"$(inherited)",
					"@executable_path/Frameworks",
				);
				PRODUCT_BUNDLE_IDENTIFIER = Ibnat.BullsEye;
				PRODUCT_NAME = "$(TARGET_NAME)";
				SWIFT_VERSION = 5.0;
				TARGETED_DEVICE_FAMILY = "1,2";
			};
			name = Debug;
		};
		35D3343925E0781200F6A277 /* Release */ = {
			isa = XCBuildConfiguration;
			buildSettings = {
				ASSETCATALOG_COMPILER_APPICON_NAME = AppIcon;
				ASSETCATALOG_COMPILER_GLOBAL_ACCENT_COLOR_NAME = AccentColor;
				CODE_SIGN_STYLE = Automatic;
				INFOPLIST_FILE = BullsEye/Info.plist;
				LD_RUNPATH_SEARCH_PATHS = (
					"$(inherited)",
					"@executable_path/Frameworks",
				);
				PRODUCT_BUNDLE_IDENTIFIER = Ibnat.BullsEye;
				PRODUCT_NAME = "$(TARGET_NAME)";
				SWIFT_VERSION = 5.0;
				TARGETED_DEVICE_FAMILY = "1,2";
			};
			name = Release;
		};
		35D3343B25E0781200F6A277 /* Debug */ = {
			isa = XCBuildConfiguration;
			buildSettings = {
				ALWAYS_EMBED_SWIFT_STANDARD_LIBRARIES = YES;
				BUNDLE_LOADER = "$(TEST_HOST)";
				CODE_SIGN_STYLE = Automatic;
				INFOPLIST_FILE = BullsEyeTests/Info.plist;
				IPHONEOS_DEPLOYMENT_TARGET = 14.0;
				LD_RUNPATH_SEARCH_PATHS = (
					"$(inherited)",
					"@executable_path/Frameworks",
					"@loader_path/Frameworks",
				);
				PRODUCT_BUNDLE_IDENTIFIER = Ibnat.BullsEyeTests;
				PRODUCT_NAME = "$(TARGET_NAME)";
				SWIFT_VERSION = 5.0;
				TARGETED_DEVICE_FAMILY = "1,2";
				TEST_HOST = "$(BUILT_PRODUCTS_DIR)/BullsEye.app/BullsEye";
			};
			name = Debug;
		};
		35D3343C25E0781200F6A277 /* Release */ = {
			isa = XCBuildConfiguration;
			buildSettings = {
				ALWAYS_EMBED_SWIFT_STANDARD_LIBRARIES = YES;
				BUNDLE_LOADER = "$(TEST_HOST)";
				CODE_SIGN_STYLE = Automatic;
				INFOPLIST_FILE = BullsEyeTests/Info.plist;
				IPHONEOS_DEPLOYMENT_TARGET = 14.0;
				LD_RUNPATH_SEARCH_PATHS = (
					"$(inherited)",
					"@executable_path/Frameworks",
					"@loader_path/Frameworks",
				);
				PRODUCT_BUNDLE_IDENTIFIER = Ibnat.BullsEyeTests;
				PRODUCT_NAME = "$(TARGET_NAME)";
				SWIFT_VERSION = 5.0;
				TARGETED_DEVICE_FAMILY = "1,2";
				TEST_HOST = "$(BUILT_PRODUCTS_DIR)/BullsEye.app/BullsEye";
			};
			name = Release;
		};
		35D3343E25E0781200F6A277 /* Debug */ = {
			isa = XCBuildConfiguration;
			buildSettings = {
				ALWAYS_EMBED_SWIFT_STANDARD_LIBRARIES = YES;
				CODE_SIGN_STYLE = Automatic;
				INFOPLIST_FILE = BullsEyeUITests/Info.plist;
				LD_RUNPATH_SEARCH_PATHS = (
					"$(inherited)",
					"@executable_path/Frameworks",
					"@loader_path/Frameworks",
				);
				PRODUCT_BUNDLE_IDENTIFIER = Ibnat.BullsEyeUITests;
				PRODUCT_NAME = "$(TARGET_NAME)";
				SWIFT_VERSION = 5.0;
				TARGETED_DEVICE_FAMILY = "1,2";
				TEST_TARGET_NAME = BullsEye;
			};
			name = Debug;
		};
		35D3343F25E0781200F6A277 /* Release */ = {
			isa = XCBuildConfiguration;
			buildSettings = {
				ALWAYS_EMBED_SWIFT_STANDARD_LIBRARIES = YES;
				CODE_SIGN_STYLE = Automatic;
				INFOPLIST_FILE = BullsEyeUITests/Info.plist;
				LD_RUNPATH_SEARCH_PATHS = (
					"$(inherited)",
					"@executable_path/Frameworks",
					"@loader_path/Frameworks",
				);
				PRODUCT_BUNDLE_IDENTIFIER = Ibnat.BullsEyeUITests;
				PRODUCT_NAME = "$(TARGET_NAME)";
				SWIFT_VERSION = 5.0;
				TARGETED_DEVICE_FAMILY = "1,2";
				TEST_TARGET_NAME = BullsEye;
			};
			name = Release;
		};
/* End XCBuildConfiguration section */

/* Begin XCConfigurationList section */
		35D3340825E0780F00F6A277 /* Build configuration list for PBXProject "BullsEye" */ = {
			isa = XCConfigurationList;
			buildConfigurations = (
				35D3343525E0781200F6A277 /* Debug */,
				35D3343625E0781200F6A277 /* Release */,
			);
			defaultConfigurationIsVisible = 0;
			defaultConfigurationName = Release;
		};
		35D3343725E0781200F6A277 /* Build configuration list for PBXNativeTarget "BullsEye" */ = {
			isa = XCConfigurationList;
			buildConfigurations = (
				35D3343825E0781200F6A277 /* Debug */,
				35D3343925E0781200F6A277 /* Release */,
			);
			defaultConfigurationIsVisible = 0;
			defaultConfigurationName = Release;
		};
		35D3343A25E0781200F6A277 /* Build configuration list for PBXNativeTarget "BullsEyeTests" */ = {
			isa = XCConfigurationList;
			buildConfigurations = (
				35D3343B25E0781200F6A277 /* Debug */,
				35D3343C25E0781200F6A277 /* Release */,
			);
			defaultConfigurationIsVisible = 0;
			defaultConfigurationName = Release;
		};
		35D3343D25E0781200F6A277 /* Build configuration list for PBXNativeTarget "BullsEyeUITests" */ = {
			isa = XCConfigurationList;
			buildConfigurations = (
				35D3343E25E0781200F6A277 /* Debug */,
				35D3343F25E0781200F6A277 /* Release */,
			);
			defaultConfigurationIsVisible = 0;
			defaultConfigurationName = Release;
		};
/* End XCConfigurationList section */
	};
	rootObject = 35D3340525E0780F00F6A277 /* Project object */;
}
